// !$*UTF8*$!
{
	archiveVersion = 1;
	classes = {
	};
	objectVersion = 50;
	objects = {

/* Begin PBXBuildFile section */
		20D9326926B17132009FF0D0 /* AppDelegate.swift in Sources */ = {isa = PBXBuildFile; fileRef = 20D9326826B17132009FF0D0 /* AppDelegate.swift */; };
		20D9327226B17135009FF0D0 /* Assets.xcassets in Resources */ = {isa = PBXBuildFile; fileRef = 20D9327126B17135009FF0D0 /* Assets.xcassets */; };
		20D9327526B17135009FF0D0 /* LaunchScreen.storyboard in Resources */ = {isa = PBXBuildFile; fileRef = 20D9327326B17135009FF0D0 /* LaunchScreen.storyboard */; };
		20D9327E26B17275009FF0D0 /* AppCoordinator.swift in Sources */ = {isa = PBXBuildFile; fileRef = 20D9327D26B17275009FF0D0 /* AppCoordinator.swift */; };
		20D9328326B17335009FF0D0 /* TableMonthViewController.swift in Sources */ = {isa = PBXBuildFile; fileRef = 20D9328126B17335009FF0D0 /* TableMonthViewController.swift */; };
		20D9328426B17335009FF0D0 /* TableMonthViewController.xib in Resources */ = {isa = PBXBuildFile; fileRef = 20D9328226B17335009FF0D0 /* TableMonthViewController.xib */; };
		20D9328826B17833009FF0D0 /* TableMonthCoordinator.swift in Sources */ = {isa = PBXBuildFile; fileRef = 20D9328726B17833009FF0D0 /* TableMonthCoordinator.swift */; };
		20D9328E26B17993009FF0D0 /* DetailViewController.swift in Sources */ = {isa = PBXBuildFile; fileRef = 20D9328C26B17993009FF0D0 /* DetailViewController.swift */; };
		20D9328F26B17993009FF0D0 /* DetailViewController.xib in Resources */ = {isa = PBXBuildFile; fileRef = 20D9328D26B17993009FF0D0 /* DetailViewController.xib */; };
		20D9329126B1799F009FF0D0 /* DetailCoordinator.swift in Sources */ = {isa = PBXBuildFile; fileRef = 20D9329026B1799F009FF0D0 /* DetailCoordinator.swift */; };
		20D9329526B17DE5009FF0D0 /* MonthTableViewCell.swift in Sources */ = {isa = PBXBuildFile; fileRef = 20D9329326B17DE5009FF0D0 /* MonthTableViewCell.swift */; };
		20D9329626B17DE5009FF0D0 /* MonthTableViewCell.xib in Resources */ = {isa = PBXBuildFile; fileRef = 20D9329426B17DE5009FF0D0 /* MonthTableViewCell.xib */; };
/* End PBXBuildFile section */

/* Begin PBXFileReference section */
		20D9326526B17132009FF0D0 /* AppIntroTableView.app */ = {isa = PBXFileReference; explicitFileType = wrapper.application; includeInIndex = 0; path = AppIntroTableView.app; sourceTree = BUILT_PRODUCTS_DIR; };
		20D9326826B17132009FF0D0 /* AppDelegate.swift */ = {isa = PBXFileReference; lastKnownFileType = sourcecode.swift; path = AppDelegate.swift; sourceTree = "<group>"; };
		20D9327126B17135009FF0D0 /* Assets.xcassets */ = {isa = PBXFileReference; lastKnownFileType = folder.assetcatalog; path = Assets.xcassets; sourceTree = "<group>"; };
		20D9327426B17135009FF0D0 /* Base */ = {isa = PBXFileReference; lastKnownFileType = file.storyboard; name = Base; path = Base.lproj/LaunchScreen.storyboard; sourceTree = "<group>"; };
		20D9327626B17135009FF0D0 /* Info.plist */ = {isa = PBXFileReference; lastKnownFileType = text.plist.xml; path = Info.plist; sourceTree = "<group>"; };
		20D9327D26B17275009FF0D0 /* AppCoordinator.swift */ = {isa = PBXFileReference; lastKnownFileType = sourcecode.swift; path = AppCoordinator.swift; sourceTree = "<group>"; };
		20D9328126B17335009FF0D0 /* TableMonthViewController.swift */ = {isa = PBXFileReference; lastKnownFileType = sourcecode.swift; path = TableMonthViewController.swift; sourceTree = "<group>"; };
		20D9328226B17335009FF0D0 /* TableMonthViewController.xib */ = {isa = PBXFileReference; lastKnownFileType = file.xib; path = TableMonthViewController.xib; sourceTree = "<group>"; };
		20D9328726B17833009FF0D0 /* TableMonthCoordinator.swift */ = {isa = PBXFileReference; lastKnownFileType = sourcecode.swift; path = TableMonthCoordinator.swift; sourceTree = "<group>"; };
		20D9328C26B17993009FF0D0 /* DetailViewController.swift */ = {isa = PBXFileReference; lastKnownFileType = sourcecode.swift; path = DetailViewController.swift; sourceTree = "<group>"; };
		20D9328D26B17993009FF0D0 /* DetailViewController.xib */ = {isa = PBXFileReference; lastKnownFileType = file.xib; path = DetailViewController.xib; sourceTree = "<group>"; };
		20D9329026B1799F009FF0D0 /* DetailCoordinator.swift */ = {isa = PBXFileReference; lastKnownFileType = sourcecode.swift; path = DetailCoordinator.swift; sourceTree = "<group>"; };
		20D9329326B17DE5009FF0D0 /* MonthTableViewCell.swift */ = {isa = PBXFileReference; lastKnownFileType = sourcecode.swift; path = MonthTableViewCell.swift; sourceTree = "<group>"; };
		20D9329426B17DE5009FF0D0 /* MonthTableViewCell.xib */ = {isa = PBXFileReference; lastKnownFileType = file.xib; path = MonthTableViewCell.xib; sourceTree = "<group>"; };
/* End PBXFileReference section */

/* Begin PBXFrameworksBuildPhase section */
		20D9326226B17132009FF0D0 /* Frameworks */ = {
			isa = PBXFrameworksBuildPhase;
			buildActionMask = 2147483647;
			files = (
			);
			runOnlyForDeploymentPostprocessing = 0;
		};
/* End PBXFrameworksBuildPhase section */

/* Begin PBXGroup section */
		20D9325C26B17132009FF0D0 = {
			isa = PBXGroup;
			children = (
				20D9326726B17132009FF0D0 /* AppIntroTableView */,
				20D9326626B17132009FF0D0 /* Products */,
			);
			sourceTree = "<group>";
		};
		20D9326626B17132009FF0D0 /* Products */ = {
			isa = PBXGroup;
			children = (
				20D9326526B17132009FF0D0 /* AppIntroTableView.app */,
			);
			name = Products;
			sourceTree = "<group>";
		};
		20D9326726B17132009FF0D0 /* AppIntroTableView */ = {
			isa = PBXGroup;
			children = (
				20D9327F26B17310009FF0D0 /* Modules */,
				20D9327C26B17223009FF0D0 /* CoreApp */,
				20D9327126B17135009FF0D0 /* Assets.xcassets */,
				20D9327326B17135009FF0D0 /* LaunchScreen.storyboard */,
				20D9327626B17135009FF0D0 /* Info.plist */,
			);
			path = AppIntroTableView;
			sourceTree = "<group>";
		};
		20D9327C26B17223009FF0D0 /* CoreApp */ = {
			isa = PBXGroup;
			children = (
				20D9326826B17132009FF0D0 /* AppDelegate.swift */,
				20D9327D26B17275009FF0D0 /* AppCoordinator.swift */,
			);
			path = CoreApp;
			sourceTree = "<group>";
		};
		20D9327F26B17310009FF0D0 /* Modules */ = {
			isa = PBXGroup;
			children = (
				20D9328026B17316009FF0D0 /* Sections */,
			);
			path = Modules;
			sourceTree = "<group>";
		};
		20D9328026B17316009FF0D0 /* Sections */ = {
			isa = PBXGroup;
			children = (
				20D9328B26B1797D009FF0D0 /* Detail */,
				20D9328926B1796D009FF0D0 /* Master */,
			);
			path = Sections;
			sourceTree = "<group>";
		};
		20D9328926B1796D009FF0D0 /* Master */ = {
			isa = PBXGroup;
			children = (
				20D9329226B17CE2009FF0D0 /* Cell */,
				20D9328126B17335009FF0D0 /* TableMonthViewController.swift */,
				20D9328226B17335009FF0D0 /* TableMonthViewController.xib */,
				20D9328726B17833009FF0D0 /* TableMonthCoordinator.swift */,
			);
			path = Master;
			sourceTree = "<group>";
		};
		20D9328B26B1797D009FF0D0 /* Detail */ = {
			isa = PBXGroup;
			children = (
				20D9328C26B17993009FF0D0 /* DetailViewController.swift */,
				20D9328D26B17993009FF0D0 /* DetailViewController.xib */,
				20D9329026B1799F009FF0D0 /* DetailCoordinator.swift */,
			);
			path = Detail;
			sourceTree = "<group>";
		};
		20D9329226B17CE2009FF0D0 /* Cell */ = {
			isa = PBXGroup;
			children = (
				20D9329326B17DE5009FF0D0 /* MonthTableViewCell.swift */,
				20D9329426B17DE5009FF0D0 /* MonthTableViewCell.xib */,
			);
			path = Cell;
			sourceTree = "<group>";
		};
/* End PBXGroup section */

/* Begin PBXNativeTarget section */
		20D9326426B17132009FF0D0 /* AppIntroTableView */ = {
			isa = PBXNativeTarget;
			buildConfigurationList = 20D9327926B17135009FF0D0 /* Build configuration list for PBXNativeTarget "AppIntroTableView" */;
			buildPhases = (
				20D9326126B17132009FF0D0 /* Sources */,
				20D9326226B17132009FF0D0 /* Frameworks */,
				20D9326326B17132009FF0D0 /* Resources */,
			);
			buildRules = (
			);
			dependencies = (
			);
			name = AppIntroTableView;
			productName = AppIntroTableView;
			productReference = 20D9326526B17132009FF0D0 /* AppIntroTableView.app */;
			productType = "com.apple.product-type.application";
		};
/* End PBXNativeTarget section */

/* Begin PBXProject section */
		20D9325D26B17132009FF0D0 /* Project object */ = {
			isa = PBXProject;
			attributes = {
				LastSwiftUpdateCheck = 1250;
				LastUpgradeCheck = 1250;
				TargetAttributes = {
					20D9326426B17132009FF0D0 = {
						CreatedOnToolsVersion = 12.5.1;
					};
				};
			};
			buildConfigurationList = 20D9326026B17132009FF0D0 /* Build configuration list for PBXProject "AppIntroTableView" */;
			compatibilityVersion = "Xcode 9.3";
			developmentRegion = en;
			hasScannedForEncodings = 0;
			knownRegions = (
				en,
				Base,
			);
			mainGroup = 20D9325C26B17132009FF0D0;
			productRefGroup = 20D9326626B17132009FF0D0 /* Products */;
			projectDirPath = "";
			projectRoot = "";
			targets = (
				20D9326426B17132009FF0D0 /* AppIntroTableView */,
			);
		};
/* End PBXProject section */

/* Begin PBXResourcesBuildPhase section */
		20D9326326B17132009FF0D0 /* Resources */ = {
			isa = PBXResourcesBuildPhase;
			buildActionMask = 2147483647;
			files = (
				20D9327526B17135009FF0D0 /* LaunchScreen.storyboard in Resources */,
				20D9328426B17335009FF0D0 /* TableMonthViewController.xib in Resources */,
				20D9329626B17DE5009FF0D0 /* MonthTableViewCell.xib in Resources */,
				20D9327226B17135009FF0D0 /* Assets.xcassets in Resources */,
				20D9328F26B17993009FF0D0 /* DetailViewController.xib in Resources */,
			);
			runOnlyForDeploymentPostprocessing = 0;
		};
/* End PBXResourcesBuildPhase section */

/* Begin PBXSourcesBuildPhase section */
		20D9326126B17132009FF0D0 /* Sources */ = {
			isa = PBXSourcesBuildPhase;
			buildActionMask = 2147483647;
			files = (
				20D9329526B17DE5009FF0D0 /* MonthTableViewCell.swift in Sources */,
				20D9328826B17833009FF0D0 /* TableMonthCoordinator.swift in Sources */,
				20D9327E26B17275009FF0D0 /* AppCoordinator.swift in Sources */,
				20D9328E26B17993009FF0D0 /* DetailViewController.swift in Sources */,
				20D9329126B1799F009FF0D0 /* DetailCoordinator.swift in Sources */,
				20D9326926B17132009FF0D0 /* AppDelegate.swift in Sources */,
				20D9328326B17335009FF0D0 /* TableMonthViewController.swift in Sources */,
			);
			runOnlyForDeploymentPostprocessing = 0;
		};
/* End PBXSourcesBuildPhase section */

/* Begin PBXVariantGroup section */
		20D9327326B17135009FF0D0 /* LaunchScreen.storyboard */ = {
			isa = PBXVariantGroup;
			children = (
				20D9327426B17135009FF0D0 /* Base */,
			);
			name = LaunchScreen.storyboard;
			sourceTree = "<group>";
		};
/* End PBXVariantGroup section */

/* Begin XCBuildConfiguration section */
		20D9327726B17135009FF0D0 /* Debug */ = {
			isa = XCBuildConfiguration;
			buildSettings = {
				ALWAYS_SEARCH_USER_PATHS = NO;
				CLANG_ANALYZER_NONNULL = YES;
				CLANG_ANALYZER_NUMBER_OBJECT_CONVERSION = YES_AGGRESSIVE;
				CLANG_CXX_LANGUAGE_STANDARD = "gnu++14";
				CLANG_CXX_LIBRARY = "libc++";
				CLANG_ENABLE_MODULES = YES;
				CLANG_ENABLE_OBJC_ARC = YES;
				CLANG_ENABLE_OBJC_WEAK = YES;
				CLANG_WARN_BLOCK_CAPTURE_AUTORELEASING = YES;
				CLANG_WARN_BOOL_CONVERSION = YES;
				CLANG_WARN_COMMA = YES;
				CLANG_WARN_CONSTANT_CONVERSION = YES;
				CLANG_WARN_DEPRECATED_OBJC_IMPLEMENTATIONS = YES;
				CLANG_WARN_DIRECT_OBJC_ISA_USAGE = YES_ERROR;
				CLANG_WARN_DOCUMENTATION_COMMENTS = YES;
				CLANG_WARN_EMPTY_BODY = YES;
				CLANG_WARN_ENUM_CONVERSION = YES;
				CLANG_WARN_INFINITE_RECURSION = YES;
				CLANG_WARN_INT_CONVERSION = YES;
				CLANG_WARN_NON_LITERAL_NULL_CONVERSION = YES;
				CLANG_WARN_OBJC_IMPLICIT_RETAIN_SELF = YES;
				CLANG_WARN_OBJC_LITERAL_CONVERSION = YES;
				CLANG_WARN_OBJC_ROOT_CLASS = YES_ERROR;
				CLANG_WARN_QUOTED_INCLUDE_IN_FRAMEWORK_HEADER = YES;
				CLANG_WARN_RANGE_LOOP_ANALYSIS = YES;
				CLANG_WARN_STRICT_PROTOTYPES = YES;
				CLANG_WARN_SUSPICIOUS_MOVE = YES;
				CLANG_WARN_UNGUARDED_AVAILABILITY = YES_AGGRESSIVE;
				CLANG_WARN_UNREACHABLE_CODE = YES;
				CLANG_WARN__DUPLICATE_METHOD_MATCH = YES;
				COPY_PHASE_STRIP = NO;
				DEBUG_INFORMATION_FORMAT = dwarf;
				ENABLE_STRICT_OBJC_MSGSEND = YES;
				ENABLE_TESTABILITY = YES;
				GCC_C_LANGUAGE_STANDARD = gnu11;
				GCC_DYNAMIC_NO_PIC = NO;
				GCC_NO_COMMON_BLOCKS = YES;
				GCC_OPTIMIZATION_LEVEL = 0;
				GCC_PREPROCESSOR_DEFINITIONS = (
					"DEBUG=1",
					"$(inherited)",
				);
				GCC_WARN_64_TO_32_BIT_CONVERSION = YES;
				GCC_WARN_ABOUT_RETURN_TYPE = YES_ERROR;
				GCC_WARN_UNDECLARED_SELECTOR = YES;
				GCC_WARN_UNINITIALIZED_AUTOS = YES_AGGRESSIVE;
				GCC_WARN_UNUSED_FUNCTION = YES;
				GCC_WARN_UNUSED_VARIABLE = YES;
				IPHONEOS_DEPLOYMENT_TARGET = 14.5;
				MTL_ENABLE_DEBUG_INFO = INCLUDE_SOURCE;
				MTL_FAST_MATH = YES;
				ONLY_ACTIVE_ARCH = YES;
				SDKROOT = iphoneos;
				SWIFT_ACTIVE_COMPILATION_CONDITIONS = DEBUG;
				SWIFT_OPTIMIZATION_LEVEL = "-Onone";
			};
			name = Debug;
		};
		20D9327826B17135009FF0D0 /* Release */ = {
			isa = XCBuildConfiguration;
			buildSettings = {
				ALWAYS_SEARCH_USER_PATHS = NO;
				CLANG_ANALYZER_NONNULL = YES;
				CLANG_ANALYZER_NUMBER_OBJECT_CONVERSION = YES_AGGRESSIVE;
				CLANG_CXX_LANGUAGE_STANDARD = "gnu++14";
				CLANG_CXX_LIBRARY = "libc++";
				CLANG_ENABLE_MODULES = YES;
				CLANG_ENABLE_OBJC_ARC = YES;
				CLANG_ENABLE_OBJC_WEAK = YES;
				CLANG_WARN_BLOCK_CAPTURE_AUTORELEASING = YES;
				CLANG_WARN_BOOL_CONVERSION = YES;
				CLANG_WARN_COMMA = YES;
				CLANG_WARN_CONSTANT_CONVERSION = YES;
				CLANG_WARN_DEPRECATED_OBJC_IMPLEMENTATIONS = YES;
				CLANG_WARN_DIRECT_OBJC_ISA_USAGE = YES_ERROR;
				CLANG_WARN_DOCUMENTATION_COMMENTS = YES;
				CLANG_WARN_EMPTY_BODY = YES;
				CLANG_WARN_ENUM_CONVERSION = YES;
				CLANG_WARN_INFINITE_RECURSION = YES;
				CLANG_WARN_INT_CONVERSION = YES;
				CLANG_WARN_NON_LITERAL_NULL_CONVERSION = YES;
				CLANG_WARN_OBJC_IMPLICIT_RETAIN_SELF = YES;
				CLANG_WARN_OBJC_LITERAL_CONVERSION = YES;
				CLANG_WARN_OBJC_ROOT_CLASS = YES_ERROR;
				CLANG_WARN_QUOTED_INCLUDE_IN_FRAMEWORK_HEADER = YES;
				CLANG_WARN_RANGE_LOOP_ANALYSIS = YES;
				CLANG_WARN_STRICT_PROTOTYPES = YES;
				CLANG_WARN_SUSPICIOUS_MOVE = YES;
				CLANG_WARN_UNGUARDED_AVAILABILITY = YES_AGGRESSIVE;
				CLANG_WARN_UNREACHABLE_CODE = YES;
				CLANG_WARN__DUPLICATE_METHOD_MATCH = YES;
				COPY_PHASE_STRIP = NO;
				DEBUG_INFORMATION_FORMAT = "dwarf-with-dsym";
				ENABLE_NS_ASSERTIONS = NO;
				ENABLE_STRICT_OBJC_MSGSEND = YES;
				GCC_C_LANGUAGE_STANDARD = gnu11;
				GCC_NO_COMMON_BLOCKS = YES;
				GCC_WARN_64_TO_32_BIT_CONVERSION = YES;
				GCC_WARN_ABOUT_RETURN_TYPE = YES_ERROR;
				GCC_WARN_UNDECLARED_SELECTOR = YES;
				GCC_WARN_UNINITIALIZED_AUTOS = YES_AGGRESSIVE;
				GCC_WARN_UNUSED_FUNCTION = YES;
				GCC_WARN_UNUSED_VARIABLE = YES;
				IPHONEOS_DEPLOYMENT_TARGET = 14.5;
				MTL_ENABLE_DEBUG_INFO = NO;
				MTL_FAST_MATH = YES;
				SDKROOT = iphoneos;
				SWIFT_COMPILATION_MODE = wholemodule;
				SWIFT_OPTIMIZATION_LEVEL = "-O";
				VALIDATE_PRODUCT = YES;
			};
			name = Release;
		};
		20D9327A26B17135009FF0D0 /* Debug */ = {
			isa = XCBuildConfiguration;
			buildSettings = {
				ASSETCATALOG_COMPILER_APPICON_NAME = AppIcon;
				ASSETCATALOG_COMPILER_GLOBAL_ACCENT_COLOR_NAME = AccentColor;
				CODE_SIGN_STYLE = Automatic;
				INFOPLIST_FILE = AppIntroTableView/Info.plist;
				LD_RUNPATH_SEARCH_PATHS = (
					"$(inherited)",
					"@executable_path/Frameworks",
				);
				PRODUCT_BUNDLE_IDENTIFIER = com.david.iOS.AppIntroTableView;
				PRODUCT_NAME = "$(TARGET_NAME)";
				SWIFT_VERSION = 5.0;
				TARGETED_DEVICE_FAMILY = "1,2";
			};
			name = Debug;
		};
		20D9327B26B17135009FF0D0 /* Release */ = {
			isa = XCBuildConfiguration;
			buildSettings = {
				ASSETCATALOG_COMPILER_APPICON_NAME = AppIcon;
				ASSETCATALOG_COMPILER_GLOBAL_ACCENT_COLOR_NAME = AccentColor;
				CODE_SIGN_STYLE = Automatic;
				INFOPLIST_FILE = AppIntroTableView/Info.plist;
				LD_RUNPATH_SEARCH_PATHS = (
					"$(inherited)",
					"@executable_path/Frameworks",
				);
				PRODUCT_BUNDLE_IDENTIFIER = com.david.iOS.AppIntroTableView;
				PRODUCT_NAME = "$(TARGET_NAME)";
				SWIFT_VERSION = 5.0;
				TARGETED_DEVICE_FAMILY = "1,2";
			};
			name = Release;
		};
/* End XCBuildConfiguration section */

/* Begin XCConfigurationList section */
		20D9326026B17132009FF0D0 /* Build configuration list for PBXProject "AppIntroTableView" */ = {
			isa = XCConfigurationList;
			buildConfigurations = (
				20D9327726B17135009FF0D0 /* Debug */,
				20D9327826B17135009FF0D0 /* Release */,
			);
			defaultConfigurationIsVisible = 0;
			defaultConfigurationName = Release;
		};
		20D9327926B17135009FF0D0 /* Build configuration list for PBXNativeTarget "AppIntroTableView" */ = {
			isa = XCConfigurationList;
			buildConfigurations = (
				20D9327A26B17135009FF0D0 /* Debug */,
				20D9327B26B17135009FF0D0 /* Release */,
			);
			defaultConfigurationIsVisible = 0;
			defaultConfigurationName = Release;
		};
/* End XCConfigurationList section */
	};
	rootObject = 20D9325D26B17132009FF0D0 /* Project object */;
}
